version = 1
revision = 3
requires-python = ">=3.11"

[[package]]
name = "colorama"
version = "0.4.6"
source = { registry = "https://us-python.pkg.dev/artifact-foundry-prod/ah-3p-staging-python/simple/" }
sdist = { url = "https://us-python.pkg.dev/artifact-foundry-prod/ah-3p-staging-python/colorama/colorama-0.4.6.tar.gz", hash = "sha256:08695f5cb7ed6e0531a20572697297273c47b8cae5a63ffc6d6ed5c201be6e44" }
wheels = [
    { url = "https://us-python.pkg.dev/artifact-foundry-prod/ah-3p-staging-python/colorama/colorama-0.4.6-py2.py3-none-any.whl", hash = "sha256:4f1d9991f5acc0ca119f9d443620b77f9d6b33703e51011c16baf57afb285fc6" },
]

[[package]]
name = "coverage"
version = "7.14.3"
source = { registry = "https://us-python.pkg.dev/artifact-foundry-prod/ah-3p-staging-python/simple/" }
sdist = { url = "https://us-python.pkg.dev/artifact-foundry-prod/ah-3p-staging-python/coverage/coverage-7.14.3.tar.gz", hash = "sha256:1a7563a443f3d53fdeb040ec8c9f7466aed7ca3dc5891aa09d3ca3625fa4387f" }
wheels = [
    { url = "https://us-python.pkg.dev/artifact-foundry-prod/ah-3p-staging-python/coverage/coverage-7.14.3-cp311-cp311-macosx_10_9_x86_64.whl", hash = "sha256:e574801e1d643561594aa021206c46d80b257e9853087090ba97bed8b0a509d3" },
    { url = "https://us-python.pkg.dev/artifact-foundry-prod/ah-3p-staging-python/coverage/coverage-7.14.3-cp311-cp311-macosx_11_0_arm64.whl", hash = "sha256:f82b6bb7d75a2613e85d07cefa3a8c973d0544a8993337f6e2728e4a1e94c305" },
    { url = "https://us-python.pkg.dev/artifact-foundry-prod/ah-3p-staging-python/coverage/coverage-7.14.3-cp311-cp311-manylinux1_i686.manylinux_2_28_i686.manylinux_2_5_i686.whl", hash = "sha256:a2335ea5fed26af2e831094964fa3f8fae60b45f7e37fcc2d3b615b2add3ad87" },
    { url = "https://us-python.pkg.dev/artifact-foundry-prod/ah-3p-staging-python/coverage/coverage-7.14.3-cp311-cp311-manylinux1_x86_64.manylinux_2_28_x86_64.manylinux_2_5_x86_64.whl", hash = "sha256:fbb8c3a98e779013786ae01d229662aeacbc77100efbd3f2f245219ace5af700" },
    { url = "https://us-python.pkg.dev/artifact-foundry-prod/ah-3p-staging-python/coverage/coverage-7.14.3-cp311-cp311-manylinux2014_aarch64.manylinux_2_17_aarch64.manylinux_2_28_aarch64.whl", hash = "sha256:ac082660de8f429ba0ea363595abb838998570b9a7546777c60f413ab902bbde" },
    { url = "https://us-python.pkg.dev/artifact-foundry-prod/ah-3p-staging-python/coverage/coverage-7.14.3-cp311-cp311-manylinux2014_ppc64le.manylinux_2_17_ppc64le.manylinux_2_28_ppc64le.whl", hash = "sha256:8ac012839ff7e396030f1e94e10553a431d14e4de2ab65cb3acb72bbd5628ca2" },
    { url = "https://us-python.pkg.dev/artifact-foundry-prod/ah-3p-staging-python/coverage/coverage-7.14.3-cp311-cp311-manylinux_2_31_riscv64.manylinux_2_39_riscv64.whl", hash = "sha256:5952f8c1bda2a5347154450379316e6dfa4d934d62ca35f6784451e6f55074fb" },
    { url = "https://us-python.pkg.dev/artifact-foundry-prod/ah-3p-staging-python/coverage/coverage-7.14.3-cp311-cp311-musllinux_1_2_aarch64.whl", hash = "sha256:8cf0f2509acb4619e2471a1951089054dd58ebea7a912066d2ea56dd4c24ca4a" },
    { url = "https://us-python.pkg.dev/artifact-foundry-prod/ah-3p-staging-python/coverage/coverage-7.14.3-cp311-cp311-musllinux_1_2_i686.whl", hash = "sha256:2e41fd3aab806770008279a93879b0924b16247e09ab537c043d08bbca53b4ab" },
    { url = "https://us-python.pkg.dev/artifact-foundry-prod/ah-3p-staging-python/coverage/coverage-7.14.3-cp311-cp311-musllinux_1_2_ppc64le.whl", hash = "sha256:f0a47095963cfe054e0df178daca95aec21e680d6076da807c3add28dfe920f7" },
    { url = "https://us-python.pkg.dev/artifact-foundry-prod/ah-3p-staging-python/coverage/coverage-7.14.3-cp311-cp311-musllinux_1_2_riscv64.whl", hash = "sha256:a090cbf9521e78ffdb2fcf448b72902afe9f5923ff6a12d5c0d0120200348af9" },
    { url = "https://us-python.pkg.dev/artifact-foundry-prod/ah-3p-staging-python/coverage/coverage-7.14.3-cp311-cp311-musllinux_1_2_x86_64.whl", hash = "sha256:4d310baf69a4fbe8a098ce727e4808a34866ac718a6f759ae659cbd3221358bc" },
    { url = "https://us-python.pkg.dev/artifact-foundry-prod/ah-3p-staging-python/coverage/coverage-7.14.3-cp311-cp311-win32.whl", hash = "sha256:74fdd718d88fe144f4579b8747873a07ec3f04cb837d5faec5a25d9e22fa31a8" },
    { url = "https://us-python.pkg.dev/artifact-foundry-prod/ah-3p-staging-python/coverage/coverage-7.14.3-cp311-cp311-win_amd64.whl", hash = "sha256:cc96aa922e21d4bc5d5ed3c915cef27dfcbc13686f47d5e378d647fbfba655a2" },
    { url = "https://us-python.pkg.dev/artifact-foundry-prod/ah-3p-staging-python/coverage/coverage-7.14.3-cp311-cp311-win_arm64.whl", hash = "sha256:c66f9f9d4f1e9712eb9b1de5310f881d4e2188cfcba5065e1a8490f38687f2c4" },
    { url = "https://us-python.pkg.dev/artifact-foundry-prod/ah-3p-staging-python/coverage/coverage-7.14.3-cp312-cp312-macosx_10_13_x86_64.whl", hash = "sha256:3d74ff26299c4879ce3a4d826f9d3d4d556fd285fde7bbce3c0ef5a8ab1cec24" },
    { url = "https://us-python.pkg.dev/artifact-foundry-prod/ah-3p-staging-python/coverage/coverage-7.14.3-cp312-cp312-macosx_11_0_arm64.whl", hash = "sha256:96150a9cf3468ea20f0bc5d0e21b3df8972c31480ef90fa7614b773cc6429665" },
    { url = "https://us-python.pkg.dev/artifact-foundry-prod/ah-3p-staging-python/coverage/coverage-7.14.3-cp312-cp312-manylinux1_i686.manylinux_2_28_i686.manylinux_2_5_i686.whl", hash = "sha256:27d07a46500ba23515b838dbcf52512026af04090755cf6cc64166d88c9b9a1a" },
    { url = "https://us-python.pkg.dev/artifact-foundry-prod/ah-3p-staging-python/coverage/coverage-7.14.3-cp312-cp312-manylinux1_x86_64.manylinux_2_28_x86_64.manylinux_2_5_x86_64.whl", hash = "sha256:621e13c6108234d7960aaf5762ab5c3c00f33c30c15af06dcbff0c73bf112727" },
    { url = "https://us-python.pkg.dev/artifact-foundry-prod/ah-3p-staging-python/coverage/coverage-7.14.3-cp312-cp312-manylinux2014_aarch64.manylinux_2_17_aarch64.manylinux_2_28_aarch64.whl", hash = "sha256:4b60ca6d8af70473491a15a343cbabab2e8f9ea66a4376e81c7aa24876a6f977" },
    { url = "https://us-python.pkg.dev/artifact-foundry-prod/ah-3p-staging-python/coverage/coverage-7.14.3-cp312-cp312-manylinux2014_ppc64le.manylinux_2_17_ppc64le.manylinux_2_28_ppc64le.whl", hash = "sha256:c90a7cdd5e380e1ce02f19792e2ac2fbfbf177e35a27e69fd3e873b30d895c0c" },
    { url = "https://us-python.pkg.dev/artifact-foundry-prod/ah-3p-staging-python/coverage/coverage-7.14.3-cp312-cp312-manylinux_2_31_riscv64.manylinux_2_39_riscv64.whl", hash = "sha256:5d788e5fd55347eef06ca0732c77d04a264de67e8ff24631270cdff3767a60cf" },
    { url = "https://us-python.pkg.dev/artifact-foundry-prod/ah-3p-staging-python/coverage/coverage-7.14.3-cp312-cp312-musllinux_1_2_aarch64.whl", hash = "sha256:62c7f79db2851c95ef020e5d28b97afde3daf9f7febcd35b53e05638f729063f" },
    { url = "https://us-python.pkg.dev/artifact-foundry-prod/ah-3p-staging-python/coverage/coverage-7.14.3-cp312-cp312-musllinux_1_2_i686.whl", hash = "sha256:90f7608aeb5d9b60b523b9fb2a4ee1973867cc4865a3f26fe6c7577073b70205" },
    { url = "https://us-python.pkg.dev/artifact-foundry-prod/ah-3p-staging-python/coverage/coverage-7.14.3-cp312-cp312-musllinux_1_2_ppc64le.whl", hash = "sha256:1e3b91f9c4740aeb571ecf82e5e8d8e4ab62d34fcb5a5d4e5baa38c6f7d2857c" },
    { url = "https://us-python.pkg.dev/artifact-foundry-prod/ah-3p-staging-python/coverage/coverage-7.14.3-cp312-cp312-musllinux_1_2_riscv64.whl", hash = "sha256:c946099774a7699de03cbd0ff0a64e21aed4525eed9d959adde4afe6d15758ef" },
    { url = "https://us-python.pkg.dev/artifact-foundry-prod/ah-3p-staging-python/coverage/coverage-7.14.3-cp312-cp312-musllinux_1_2_x86_64.whl", hash = "sha256:16b206e521feb8b7133a45754643dead0538489cf8b783b90cf5f4e3299625fd" },
    { url = "https://us-python.pkg.dev/artifact-foundry-prod/ah-3p-staging-python/coverage/coverage-7.14.3-cp312-cp312-win32.whl", hash = "sha256:ea3169c7116eb6cdf7608c6c7da9ecfcb3da40688e3a510fac2d1d2bafd6dc35" },
    { url = "https://us-python.pkg.dev/artifact-foundry-prod/ah-3p-staging-python/coverage/coverage-7.14.3-cp312-cp312-win_amd64.whl", hash = "sha256:7ea52fc08f007bcc494d4bb3df3851e95843d881860ba38fe2c64dc100db5e7d" },
    { url = "https://us-python.pkg.dev/artifact-foundry-prod/ah-3p-staging-python/coverage/coverage-7.14.3-cp312-cp312-win_arm64.whl", hash = "sha256:8cec0ad652ec57790970d817490105bd917d783c2f7b38d6b58a0ca312e1a336" },
    { url = "https://us-python.pkg.dev/artifact-foundry-prod/ah-3p-staging-python/coverage/coverage-7.14.3-cp313-cp313-macosx_10_13_x86_64.whl", hash = "sha256:47968988b367990ae4ab17523790c38cd125e02c6bfd379b6022be2d40bdc38c" },
    { url = "https://us-python.pkg.dev/artifact-foundry-prod/ah-3p-staging-python/coverage/coverage-7.14.3-cp313-cp313-macosx_11_0_arm64.whl", hash = "sha256:0ee68f5c34812780f3a7063382c0a9fcbb99985b7ddcdcaa626e4f3fb2e0783a" },
    { url = "https://us-python.pkg.dev/artifact-foundry-prod/ah-3p-staging-python/coverage/coverage-7.14.3-cp313-cp313-manylinux1_i686.manylinux_2_28_i686.manylinux_2_5_i686.whl", hash = "sha256:fa9e5c6857a7e80fa22ace5cf3550ae392bbfc322f1d8dd2d2d5a8be38cec027" },
    { url = "https://us-python.pkg.dev/artifact-foundry-prod/ah-3p-staging-python/coverage/coverage-7.14.3-cp313-cp313-manylinux1_x86_64.manylinux_2_28_x86_64.manylinux_2_5_x86_64.whl", hash = "sha256:98a0859b0e98e43e1178a9402e19c8127766b14f7109a374d976e5a62c0e5c73" },
    { url = "https://us-python.pkg.dev/artifact-foundry-prod/ah-3p-staging-python/coverage/coverage-7.14.3-cp313-cp313-manylinux2014_aarch64.manylinux_2_17_aarch64.manylinux_2_28_aarch64.whl", hash = "sha256:69918344541ed9c8368566c2adc03c0e33d4550d7faa87d1b35e49b6a3286ea9" },
    { url = "https://us-python.pkg.dev/artifact-foundry-prod/ah-3p-staging-python/coverage/coverage-7.14.3-cp313-cp313-manylinux2014_ppc64le.manylinux_2_17_ppc64le.manylinux_2_28_ppc64le.whl", hash = "sha256:b7f300ac92cd4b570724c8ffbbd0c130fee298d2447f41d5a3abf58976fae1de" },
    { url = "https://us-python.pkg.dev/artifact-foundry-prod/ah-3p-staging-python/coverage/coverage-7.14.3-cp313-cp313-manylinux_2_31_riscv64.manylinux_2_39_riscv64.whl", hash = "sha256:11a7ec9f97ab950f4c5af62229befc7faf208fdbc0116d3902d7e306cf2c5abd" },
    { url = "https://us-python.pkg.dev/artifact-foundry-prod/ah-3p-staging-python/coverage/coverage-7.14.3-cp313-cp313-musllinux_1_2_aarch64.whl", hash = "sha256:a571bd889cd36c5922ce8e42e059f9d37d02301531d11374afa4c87a578625d5" },
    { url = "https://us-python.pkg.dev/artifact-foundry-prod/ah-3p-staging-python/coverage/coverage-7.14.3-cp313-cp313-musllinux_1_2_i686.whl", hash = "sha256:de76caefc8deabb0dd1678b6a980be97d14c8d87e213ac194dbf8b09e96d63fb" },
    { url = "https://us-python.pkg.dev/artifact-foundry-prod/ah-3p-staging-python/coverage/coverage-7.14.3-cp313-cp313-musllinux_1_2_ppc64le.whl", hash = "sha256:d20a15c622194234161535459affa8f7905830391c9ccfa060d495dbfe3a1c7f" },
    { url = "https://us-python.pkg.dev/artifact-foundry-prod/ah-3p-staging-python/coverage/coverage-7.14.3-cp313-cp313-musllinux_1_2_riscv64.whl", hash = "sha256:b488bd4b23397db62e7a9459129d01ff06a846582a732efd24834b24a6ada498" },
    { url = "https://us-python.pkg.dev/artifact-foundry-prod/ah-3p-staging-python/coverage/coverage-7.14.3-cp313-cp313-musllinux_1_2_x86_64.whl", hash = "sha256:6a3693b4153394d265f44fb855fdc80e72403024d4d6f91c4871b334d028e4e0" },
    { url = "https://us-python.pkg.dev/artifact-foundry-prod/ah-3p-staging-python/coverage/coverage-7.14.3-cp313-cp313-win32.whl", hash = "sha256:338b19131ab1a6b767b462bfcbaa692e7ae22f24463e39d49b02a83410ff6b37" },
    { url = "https://us-python.pkg.dev/artifact-foundry-prod/ah-3p-staging-python/coverage/coverage-7.14.3-cp313-cp313-win_amd64.whl", hash = "sha256:b3d77f7f196abdef7e01415de1bce09f216189e83e58159cfeef2b92d0464994" },
    { url = "https://us-python.pkg.dev/artifact-foundry-prod/ah-3p-staging-python/coverage/coverage-7.14.3-cp313-cp313-win_arm64.whl", hash = "sha256:e6230e688c7c3e65cedd41a774eb4ec221adc6bfee13768231015b702d5e4150" },
    { url = "https://us-python.pkg.dev/artifact-foundry-prod/ah-3p-staging-python/coverage/coverage-7.14.3-cp314-cp314-macosx_10_15_x86_64.whl", hash = "sha256:605ab2b566a22bd94834529d66d295c364aba84afd3e5498285c7a524017b1fc" },
    { url = "https://us-python.pkg.dev/artifact-foundry-prod/ah-3p-staging-python/coverage/coverage-7.14.3-cp314-cp314-macosx_11_0_arm64.whl", hash = "sha256:a3c2134809e80fac091bfed18a6991b5a5eb5df5ae32b17ac4f4f99864b73dd7" },
    { url = "https://us-python.pkg.dev/artifact-foundry-prod/ah-3p-staging-python/coverage/coverage-7.14.3-cp314-cp314-manylinux1_i686.manylinux_2_28_i686.manylinux_2_5_i686.whl", hash = "sha256:c02efd507227bde9969cab0db8f48890eb3b5dcad6afac57a4792df4133543ce" },
    { url = "https://us-python.pkg.dev/artifact-foundry-prod/ah-3p-staging-python/coverage/coverage-7.14.3-cp314-cp314-manylinux1_x86_64.manylinux_2_28_x86_64.manylinux_2_5_x86_64.whl", hash = "sha256:1bb93c2aa61d2a5b38f1526546d95cf4132cb681e541a337bf8dfd092be816e5" },
    { url = "https://us-python.pkg.dev/artifact-foundry-prod/ah-3p-staging-python/coverage/coverage-7.14.3-cp314-cp314-manylinux2014_aarch64.manylinux_2_17_aarch64.manylinux_2_28_aarch64.whl", hash = "sha256:f502e948e03e866538048bba081c075caaa62e5bda6ea5b7432e45f587eb462a" },
    { url = "https://us-python.pkg.dev/artifact-foundry-prod/ah-3p-staging-python/coverage/coverage-7.14.3-cp314-cp314-manylinux2014_ppc64le.manylinux_2_17_ppc64le.manylinux_2_28_ppc64le.whl", hash = "sha256:9973ef2463f8e6cfb61a6324126bb3e17d67a85f22f58d856e583ea2e3ca6501" },
    { url = "https://us-python.pkg.dev/artifact-foundry-prod/ah-3p-staging-python/coverage/coverage-7.14.3-cp314-cp314-manylinux_2_31_riscv64.manylinux_2_39_riscv64.whl", hash = "sha256:9be4e7d4c5ca0427889f8f9d614bd630c2be741b1de7699bca3b2b6c0e41003e" },
    { url = "https://us-python.pkg.dev/artifact-foundry-prod/ah-3p-staging-python/coverage/coverage-7.14.3-cp314-cp314-musllinux_1_2_aarch64.whl", hash = "sha256:a574912f3bde4b0619f6e97d01aa590b70998859244793769eb3a6df78ee56d3" },
    { url = "https://us-python.pkg.dev/artifact-foundry-prod/ah-3p-staging-python/coverage/coverage-7.14.3-cp314-cp314-musllinux_1_2_i686.whl", hash = "sha256:e343fb086c9cd780b38622fea7c369acd64c1a0724312149b5d769c387a2b1f5" },
    { url = "https://us-python.pkg.dev/artifact-foundry-prod/ah-3p-staging-python/coverage/coverage-7.14.3-cp314-cp314-musllinux_1_2_ppc64le.whl", hash = "sha256:3c68df8e61f1e09633fefc7538297145623957a048534368c9d212782aa5e845" },
    { url = "https://us-python.pkg.dev/artifact-foundry-prod/ah-3p-staging-python/coverage/coverage-7.14.3-cp314-cp314-musllinux_1_2_riscv64.whl", hash = "sha256:3e5b550a128419373c2f6cec28a244207013ef15f5cbcff6a5ca09d1dfaaf027" },
    { url = "https://us-python.pkg.dev/artifact-foundry-prod/ah-3p-staging-python/coverage/coverage-7.14.3-cp314-cp314-musllinux_1_2_x86_64.whl", hash = "sha256:2bfc4dd0a912329eccc7484a7d0b2a38032b38c40663b1e1ac595f10c457954b" },
    { url = "https://us-python.pkg.dev/artifact-foundry-prod/ah-3p-staging-python/coverage/coverage-7.14.3-cp314-cp314-win32.whl", hash = "sha256:0423d64c013057a06e70f070f073cec4b0cbc7d2b27f3c7007292f2ff1d52965" },
    { url = "https://us-python.pkg.dev/artifact-foundry-prod/ah-3p-staging-python/coverage/coverage-7.14.3-cp314-cp314-win_amd64.whl", hash = "sha256:92c22e19ce64ca3f2ad751f16f14df1468b4c231bd6af97185063a9c292a0cb3" },
    { url = "https://us-python.pkg.dev/artifact-foundry-prod/ah-3p-staging-python/coverage/coverage-7.14.3-cp314-cp314-win_arm64.whl", hash = "sha256:41de778bd41780586e2b04912079c73089ab5d839624e28db3bdb26de638da92" },
    { url = "https://us-python.pkg.dev/artifact-foundry-prod/ah-3p-staging-python/coverage/coverage-7.14.3-cp314-cp314t-macosx_10_15_x86_64.whl", hash = "sha256:8427f370ca67db4c975d2a26acfc0e5783ca0b52444dbc50278ace0f35445949" },
    { url = "https://us-python.pkg.dev/artifact-foundry-prod/ah-3p-staging-python/coverage/coverage-7.14.3-cp314-cp314t-macosx_11_0_arm64.whl", hash = "sha256:d8e88f335544a47e22ae2e45b344772925ec65166555c958720d5ed971880891" },
    { url = "https://us-python.pkg.dev/artifact-foundry-prod/ah-3p-staging-python/coverage/coverage-7.14.3-cp314-cp314t-manylinux1_i686.manylinux_2_28_i686.manylinux_2_5_i686.whl", hash = "sha256:beaab199b9e5ceaf5a225e16a9d4df136f2a1eae0a5c20de1e277c8a5225f388" },
    { url = "https://us-python.pkg.dev/artifact-foundry-prod/ah-3p-staging-python/coverage/coverage-7.14.3-cp314-cp314t-manylinux1_x86_64.manylinux_2_28_x86_64.manylinux_2_5_x86_64.whl", hash = "sha256:b3ff255799f5a1676c71c1c32ec01fd043aa09d57b3d95764b24992757184784" },
    { url = "https://us-python.pkg.dev/artifact-foundry-prod/ah-3p-staging-python/coverage/coverage-7.14.3-cp314-cp314t-manylinux2014_aarch64.manylinux_2_17_aarch64.manylinux_2_28_aarch64.whl", hash = "sha256:878832eaac515b62decfa76965aed558775f86bf1fc8cca76993c0c84ae31aed" },
    { url = "https://us-python.pkg.dev/artifact-foundry-prod/ah-3p-staging-python/coverage/coverage-7.14.3-cp314-cp314t-manylinux2014_ppc64le.manylinux_2_17_ppc64le.manylinux_2_28_ppc64le.whl", hash = "sha256:611e62cb9386096d81b63e0a05330750268617231e7bd598e1fe77482a2c58a5" },
    { url = "https://us-python.pkg.dev/artifact-foundry-prod/ah-3p-staging-python/coverage/coverage-7.14.3-cp314-cp314t-manylinux_2_31_riscv64.manylinux_2_39_riscv64.whl", hash = "sha256:02c41de2a88011b893050fc9830267d927a50a215f7ad5ec17349db7090ccf26" },
    { url = "https://us-python.pkg.dev/artifact-foundry-prod/ah-3p-staging-python/coverage/coverage-7.14.3-cp314-cp314t-musllinux_1_2_aarch64.whl", hash = "sha256:526ce9721116af23b1065089f0b75046fe521e7772ab94b641cd66b7a0421889" },
    { url = "https://us-python.pkg.dev/artifact-foundry-prod/ah-3p-staging-python/coverage/coverage-7.14.3-cp314-cp314t-musllinux_1_2_i686.whl", hash = "sha256:e4ed44705ca4bead6fc977a8b741f2145608289b33c8a9b42a95d0f15aedbf4d" },
    { url = "https://us-python.pkg.dev/artifact-foundry-prod/ah-3p-staging-python/coverage/coverage-7.14.3-cp314-cp314t-musllinux_1_2_ppc64le.whl", hash = "sha256:2415902f385a23dcc4ccd26e0ba803249a169af6a930c003a4c715eeb9a5444e" },
    { url = "https://us-python.pkg.dev/artifact-foundry-prod/ah-3p-staging-python/coverage/coverage-7.14.3-cp314-cp314t-musllinux_1_2_riscv64.whl", hash = "sha256:b75ee850fc2d7c831e883220c445b035f2224de2ba6103f1e56dbd237ab913f7" },
    { url = "https://us-python.pkg.dev/artifact-foundry-prod/ah-3p-staging-python/coverage/coverage-7.14.3-cp314-cp314t-musllinux_1_2_x86_64.whl", hash = "sha256:dc9b4e35e7c3920e925ba7f14886fd5fbe481232754624e832ddba66c7535635" },
    { url = "https://us-python.pkg.dev/artifact-foundry-prod/ah-3p-staging-python/coverage/coverage-7.14.3-cp314-cp314t-win32.whl", hash = "sha256:7b27c822a8161afbe48e99f1adfb098d270ae7e0f7d7b0555ce110529bdb69cc" },
    { url = "https://us-python.pkg.dev/artifact-foundry-prod/ah-3p-staging-python/coverage/coverage-7.14.3-cp314-cp314t-win_amd64.whl", hash = "sha256:39e1dbbb6ff2c338e0196a482558a792a1de3aa64261196f5cdb3da016ad9cda" },
    { url = "https://us-python.pkg.dev/artifact-foundry-prod/ah-3p-staging-python/coverage/coverage-7.14.3-cp314-cp314t-win_arm64.whl", hash = "sha256:68520c90babfa2d560eca6d497921ed3a4f469623bd709733124491b2aa8ef3f" },
    { url = "https://us-python.pkg.dev/artifact-foundry-prod/ah-3p-staging-python/coverage/coverage-7.14.3-py3-none-any.whl", hash = "sha256:fb7e18afb6e903c1a92401a2f0501ac277dca527bb9ca6fe1f691a8a0026a0e8" },
]

[package.optional-dependencies]
toml = [
    { name = "tomli", marker = "python_full_version <= '3.11'" },
]

[[package]]
name = "craps-engine"
version = "0.1.0"
source = { editable = "." }

[package.dev-dependencies]
dev = [
    { name = "ruff" },
    { name = "ty" },
]
test = [
    { name = "pytest" },
    { name = "pytest-cov" },
]
ui = [
    { name = "textual" },
]

[package.metadata]

[package.metadata.requires-dev]
dev = [
    { name = "ruff", specifier = ">=0.15.20" },
    { name = "ty", specifier = ">=0.0.54" },
]
test = [
    { name = "pytest", specifier = ">=9.1.1" },
    { name = "pytest-cov", specifier = ">=7.1.0" },
]
ui = [{ name = "textual", specifier = ">=8.2.8" }]

[[package]]
name = "iniconfig"
version = "2.3.0"
source = { registry = "https://us-python.pkg.dev/artifact-foundry-prod/ah-3p-staging-python/simple/" }
sdist = { url = "https://us-python.pkg.dev/artifact-foundry-prod/ah-3p-staging-python/iniconfig/iniconfig-2.3.0.tar.gz", hash = "sha256:c76315c77db068650d49c5b56314774a7804df16fee4402c1f19d6d15d8c4730" }
wheels = [
    { url = "https://us-python.pkg.dev/artifact-foundry-prod/ah-3p-staging-python/iniconfig/iniconfig-2.3.0-py3-none-any.whl", hash = "sha256:f631c04d2c48c52b84d0d0549c99ff3859c98df65b3101406327ecc7d53fbf12" },
]

[[package]]
name = "linkify-it-py"
version = "2.1.0"
source = { registry = "https://us-python.pkg.dev/artifact-foundry-prod/ah-3p-staging-python/simple/" }
dependencies = [
    { name = "uc-micro-py" },
]
sdist = { url = "https://us-python.pkg.dev/artifact-foundry-prod/ah-3p-staging-python/linkify-it-py/linkify_it_py-2.1.0.tar.gz", hash = "sha256:43360231720999c10e9328dc3691160e27a718e280673d444c38d7d3aaa3b98b" }
wheels = [
    { url = "https://us-python.pkg.dev/artifact-foundry-prod/ah-3p-staging-python/linkify-it-py/linkify_it_py-2.1.0-py3-none-any.whl", hash = "sha256:0d252c1594ecba2ecedc444053db5d3a9b7ec1b0dd929c8f1d74dce89f86c05e" },
]

[[package]]
name = "markdown-it-py"
version = "4.2.0"
source = { registry = "https://us-python.pkg.dev/artifact-foundry-prod/ah-3p-staging-python/simple/" }
dependencies = [
    { name = "mdurl" },
]
sdist = { url = "https://us-python.pkg.dev/artifact-foundry-prod/ah-3p-staging-python/markdown-it-py/markdown_it_py-4.2.0.tar.gz", hash = "sha256:04a21681d6fbb623de53f6f364d352309d4094dd4194040a10fd51833e418d49" }
wheels = [
    { url = "https://us-python.pkg.dev/artifact-foundry-prod/ah-3p-staging-python/markdown-it-py/markdown_it_py-4.2.0-py3-none-any.whl", hash = "sha256:9f7ebbcd14fe59494226453aed97c1070d83f8d24b6fc3a3bcf9a38092641c4a" },
]

[package.optional-dependencies]
linkify = [
    { name = "linkify-it-py" },
]

[[package]]
name = "mdit-py-plugins"
version = "0.6.1"
source = { registry = "https://us-python.pkg.dev/artifact-foundry-prod/ah-3p-staging-python/simple/" }
dependencies = [
    { name = "markdown-it-py" },
]
sdist = { url = "https://us-python.pkg.dev/artifact-foundry-prod/ah-3p-staging-python/mdit-py-plugins/mdit_py_plugins-0.6.1.tar.gz", hash = "sha256:a2bca0f039f39dbd35fb74ae1b5f998608c437463371f0ff7f49a19a17a114d0" }
wheels = [
    { url = "https://us-python.pkg.dev/artifact-foundry-prod/ah-3p-staging-python/mdit-py-plugins/mdit_py_plugins-0.6.1-py3-none-any.whl", hash = "sha256:214c82fb2ac524472ab6a5bcab1de80f73b50443e187f401bfd77efbc7c6481d" },
]

[[package]]
name = "mdurl"
version = "0.1.2"
source = { registry = "https://us-python.pkg.dev/artifact-foundry-prod/ah-3p-staging-python/simple/" }
sdist = { url = "https://us-python.pkg.dev/artifact-foundry-prod/ah-3p-staging-python/mdurl/mdurl-0.1.2.tar.gz", hash = "sha256:bb413d29f5eea38f31dd4754dd7377d4465116fb207585f97bf925588687c1ba" }
wheels = [
    { url = "https://us-python.pkg.dev/artifact-foundry-prod/ah-3p-staging-python/mdurl/mdurl-0.1.2-py3-none-any.whl", hash = "sha256:84008a41e51615a49fc9966191ff91509e3c40b939176e643fd50a5c2196b8f8" },
]

[[package]]
name = "packaging"
version = "26.2"
source = { registry = "https://us-python.pkg.dev/artifact-foundry-prod/ah-3p-staging-python/simple/" }
sdist = { url = "https://us-python.pkg.dev/artifact-foundry-prod/ah-3p-staging-python/packaging/packaging-26.2.tar.gz", hash = "sha256:ff452ff5a3e828ce110190feff1178bb1f2ea2281fa2075aadb987c2fb221661" }
wheels = [
    { url = "https://us-python.pkg.dev/artifact-foundry-prod/ah-3p-staging-python/packaging/packaging-26.2-py3-none-any.whl", hash = "sha256:5fc45236b9446107ff2415ce77c807cee2862cb6fac22b8a73826d0693b0980e" },
]

[[package]]
name = "platformdirs"
version = "4.10.0"
source = { registry = "https://us-python.pkg.dev/artifact-foundry-prod/ah-3p-staging-python/simple/" }
sdist = { url = "https://us-python.pkg.dev/artifact-foundry-prod/ah-3p-staging-python/platformdirs/platformdirs-4.10.0.tar.gz", hash = "sha256:31e761a6a0ca04faf7353ea759bdba55652be214725111e5aac52dfa29d4bef7" }
wheels = [
    { url = "https://us-python.pkg.dev/artifact-foundry-prod/ah-3p-staging-python/platformdirs/platformdirs-4.10.0-py3-none-any.whl", hash = "sha256:fb516cdb12eb0d857d0cd85a7c57cea4d060bee4578d6cf5a14dfdf8cbf8784a" },
]

[[package]]
name = "pluggy"
version = "1.6.0"
source = { registry = "https://us-python.pkg.dev/artifact-foundry-prod/ah-3p-staging-python/simple/" }
sdist = { url = "https://us-python.pkg.dev/artifact-foundry-prod/ah-3p-staging-python/pluggy/pluggy-1.6.0.tar.gz", hash = "sha256:7dcc130b76258d33b90f61b658791dede3486c3e6bfb003ee5c9bfb396dd22f3" }
wheels = [
    { url = "https://us-python.pkg.dev/artifact-foundry-prod/ah-3p-staging-python/pluggy/pluggy-1.6.0-py3-none-any.whl", hash = "sha256:e920276dd6813095e9377c0bc5566d94c932c33b27a3e3945d8389c374dd4746" },
]

[[package]]
name = "pygments"
version = "2.20.0"
source = { registry = "https://us-python.pkg.dev/artifact-foundry-prod/ah-3p-staging-python/simple/" }
sdist = { url = "https://us-python.pkg.dev/artifact-foundry-prod/ah-3p-staging-python/pygments/pygments-2.20.0.tar.gz", hash = "sha256:6757cd03768053ff99f3039c1a36d6c0aa0b263438fcab17520b30a303a82b5f" }
wheels = [
    { url = "https://us-python.pkg.dev/artifact-foundry-prod/ah-3p-staging-python/pygments/pygments-2.20.0-py3-none-any.whl", hash = "sha256:81a9e26dd42fd28a23a2d169d86d7ac03b46e2f8b59ed4698fb4785f946d0176" },
]

[[package]]
name = "pytest"
version = "9.1.1"
source = { registry = "https://us-python.pkg.dev/artifact-foundry-prod/ah-3p-staging-python/simple/" }
dependencies = [
    { name = "colorama", marker = "sys_platform == 'win32'" },
    { name = "iniconfig" },
    { name = "packaging" },
    { name = "pluggy" },
    { name = "pygments" },
]
sdist = { url = "https://us-python.pkg.dev/artifact-foundry-prod/ah-3p-staging-python/pytest/pytest-9.1.1.tar.gz", hash = "sha256:1088fbde8f2b49d95a549a195707afa7a76a3ce9bcadc26b6d71f0ffda5fe313" }
wheels = [
    { url = "https://us-python.pkg.dev/artifact-foundry-prod/ah-3p-staging-python/pytest/pytest-9.1.1-py3-none-any.whl", hash = "sha256:37a86b45efb9a47a61a36449063e8e18d0cab3161329fc099eb21783169c4f0c" },
]

[[package]]
name = "pytest-cov"
version = "7.1.0"
source = { registry = "https://us-python.pkg.dev/artifact-foundry-prod/ah-3p-staging-python/simple/" }
dependencies = [
    { name = "coverage", extra = ["toml"] },
    { name = "pluggy" },
    { name = "pytest" },
]
sdist = { url = "https://us-python.pkg.dev/artifact-foundry-prod/ah-3p-staging-python/pytest-cov/pytest_cov-7.1.0.tar.gz", hash = "sha256:30674f2b5f6351aa09702a9c8c364f6a01c27aae0c1366ae8016160d1efc56b2" }
wheels = [
    { url = "https://us-python.pkg.dev/artifact-foundry-prod/ah-3p-staging-python/pytest-cov/pytest_cov-7.1.0-py3-none-any.whl", hash = "sha256:a0461110b7865f9a271aa1b51e516c9a95de9d696734a2f71e3e78f46e1d4678" },
]

[[package]]
name = "rich"
version = "15.0.0"
source = { registry = "https://us-python.pkg.dev/artifact-foundry-prod/ah-3p-staging-python/simple/" }
dependencies = [
    { name = "markdown-it-py" },
    { name = "pygments" },
]
sdist = { url = "https://us-python.pkg.dev/artifact-foundry-prod/ah-3p-staging-python/rich/rich-15.0.0.tar.gz", hash = "sha256:edd07a4824c6b40189fb7ac9bc4c52536e9780fbbfbddf6f1e2502c31b068c36" }
wheels = [
    { url = "https://us-python.pkg.dev/artifact-foundry-prod/ah-3p-staging-python/rich/rich-15.0.0-py3-none-any.whl", hash = "sha256:33bd4ef74232fb73fe9279a257718407f169c09b78a87ad3d296f548e27de0bb" },
]

[[package]]
name = "ruff"
version = "0.15.20"
source = { registry = "https://us-python.pkg.dev/artifact-foundry-prod/ah-3p-staging-python/simple/" }
sdist = { url = "https://us-python.pkg.dev/artifact-foundry-prod/ah-3p-staging-python/ruff/ruff-0.15.20.tar.gz", hash = "sha256:1416eb04349192646b54de98f146c4f59afe37d0decfc02c3cbbf396f3a28566" }
wheels = [
    { url = "https://us-python.pkg.dev/artifact-foundry-prod/ah-3p-staging-python/ruff/ruff-0.15.20-py3-none-linux_armv6l.whl", hash = "sha256:00e188c53e499c3c1637f73c91dcf2fb56d576cab76ce1be50a27c4e80e37078" },
    { url = "https://us-python.pkg.dev/artifact-foundry-prod/ah-3p-staging-python/ruff/ruff-0.15.20-py3-none-macosx_10_12_x86_64.whl", hash = "sha256:9ebd1fd9b9c95fc0bd7b2761aebec1f030013d2e193a2901b224af68fe47251b" },
    { url = "https://us-python.pkg.dev/artifact-foundry-prod/ah-3p-staging-python/ruff/ruff-0.15.20-py3-none-macosx_11_0_arm64.whl", hash = "sha256:c5b16cdd67ca108185cd36dce98c576350c03b1660a751de725fb049193a0632" },
    { url = "https://us-python.pkg.dev/artifact-foundry-prod/ah-3p-staging-python/ruff/ruff-0.15.20-py3-none-manylinux_2_17_aarch64.manylinux2014_aarch64.whl", hash = "sha256:3413bb3c3d2ca6a8208f1f4809cd2dca3c6de6d0b491c0e70847672bde6e6efd" },
    { url = "https://us-python.pkg.dev/artifact-foundry-prod/ah-3p-staging-python/ruff/ruff-0.15.20-py3-none-manylinux_2_17_armv7l.manylinux2014_armv7l.whl", hash = "sha256:bd7ec42b3bb3da066488db093308a69c4ac5ee6d2af333a86ba6e2eb2e7dd44b" },
    { url = "https://us-python.pkg.dev/artifact-foundry-prod/ah-3p-staging-python/ruff/ruff-0.15.20-py3-none-manylinux_2_17_i686.manylinux2014_i686.whl", hash = "sha256:e1a36ad0eb77fba9aabfb69ede54de6f376d04ac18ebea022847046d340a8267" },
    { url = "https://us-python.pkg.dev/artifact-foundry-prod/ah-3p-staging-python/ruff/ruff-0.15.20-py3-none-manylinux_2_17_ppc64le.manylinux2014_ppc64le.whl", hash = "sha256:b6df3b1e4610432f0386dba04d853b5f08cbbc903410c6fcc02f620f05aff53c" },
    { url = "https://us-python.pkg.dev/artifact-foundry-prod/ah-3p-staging-python/ruff/ruff-0.15.20-py3-none-manylinux_2_17_s390x.manylinux2014_s390x.whl", hash = "sha256:e89f198a1ea6ef0d727c1cf16088bc91a6cb0ab947dedc966715691647186eae" },
    { url = "https://us-python.pkg.dev/artifact-foundry-prod/ah-3p-staging-python/ruff/ruff-0.15.20-py3-none-manylinux_2_17_x86_64.manylinux2014_x86_64.whl", hash = "sha256:309809086c2acb67624950a3c8133e80f32d0d3e27106c0cd60ff26657c9f24b" },
    { url = "https://us-python.pkg.dev/artifact-foundry-prod/ah-3p-staging-python/ruff/ruff-0.15.20-py3-none-manylinux_2_31_riscv64.whl", hash = "sha256:2d2374caa2f2c2f9e2b7da0a50802cfb8b79f55a9b5e49379f564544fbf56487" },
    { url = "https://us-python.pkg.dev/artifact-foundry-prod/ah-3p-staging-python/ruff/ruff-0.15.20-py3-none-musllinux_1_2_aarch64.whl", hash = "sha256:a1ed17b65293e0c2f22fc387bc13198a5de94bf4429589b0ff6946b0feaf21a3" },
    { url = "https://us-python.pkg.dev/artifact-foundry-prod/ah-3p-staging-python/ruff/ruff-0.15.20-py3-none-musllinux_1_2_armv7l.whl", hash = "sha256:f701305e66b38ea6c91882490eb73459796808e4c6362a1b765255e0cdcd4053" },
    { url = "https://us-python.pkg.dev/artifact-foundry-prod/ah-3p-staging-python/ruff/ruff-0.15.20-py3-none-musllinux_1_2_i686.whl", hash = "sha256:5b9c0c367ad8e5d0d5b5b8537864c469a0a0e55417aadfbeca41fa61333be9f4" },
    { url = "https://us-python.pkg.dev/artifact-foundry-prod/ah-3p-staging-python/ruff/ruff-0.15.20-py3-none-musllinux_1_2_x86_64.whl", hash = "sha256:01cc00dd58f0df339d0e902219dd53990ea99996a0344e5d9cc8d45d5307e460" },
    { url = "https://us-python.pkg.dev/artifact-foundry-prod/ah-3p-staging-python/ruff/ruff-0.15.20-py3-none-win32.whl", hash = "sha256:ed65ef510e43a137207e0f01cfcf998aeddb1aeeda5c9d35023e910284d7cf21" },
    { url = "https://us-python.pkg.dev/artifact-foundry-prod/ah-3p-staging-python/ruff/ruff-0.15.20-py3-none-win_amd64.whl", hash = "sha256:a525c81c70fb0380344dd1d8745d8cc1c890b7fc94a58d5a07bd8eb9557b8415" },
    { url = "https://us-python.pkg.dev/artifact-foundry-prod/ah-3p-staging-python/ruff/ruff-0.15.20-py3-none-win_arm64.whl", hash = "sha256:2f5b2a6d614e8700388806a14996c40fab2c47b819ef57d790a34878858ed9ca" },
]

[[package]]
name = "textual"
version = "8.2.8"
source = { registry = "https://us-python.pkg.dev/artifact-foundry-prod/ah-3p-staging-python/simple/" }
dependencies = [
    { name = "markdown-it-py", extra = ["linkify"] },
    { name = "mdit-py-plugins" },
    { name = "platformdirs" },
    { name = "pygments" },
    { name = "rich" },
    { name = "typing-extensions" },
]
sdist = { url = "https://us-python.pkg.dev/artifact-foundry-prod/ah-3p-staging-python/textual/textual-8.2.8.tar.gz", hash = "sha256:3f106a9fbc73e39dd266c9712432087de78a6d644084c7c241d6a25c3169115b" }
wheels = [
    { url = "https://us-python.pkg.dev/artifact-foundry-prod/ah-3p-staging-python/textual/textual-8.2.8-py3-none-any.whl", hash = "sha256:267375fd402dc8d981457212efa71f0e3365fd17bba144ba9bb3ed7563cb374a" },
]

[[package]]
name = "tomli"
version = "2.4.1"
source = { registry = "https://us-python.pkg.dev/artifact-foundry-prod/ah-3p-staging-python/simple/" }
sdist = { url = "https://us-python.pkg.dev/artifact-foundry-prod/ah-3p-staging-python/tomli/tomli-2.4.1.tar.gz", hash = "sha256:7c7e1a961a0b2f2472c1ac5b69affa0ae1132c39adcb67aba98568702b9cc23f" }
wheels = [
    { url = "https://us-python.pkg.dev/artifact-foundry-prod/ah-3p-staging-python/tomli/tomli-2.4.1-cp311-cp311-macosx_10_9_x86_64.whl", hash = "sha256:f8f0fc26ec2cc2b965b7a3b87cd19c5c6b8c5e5f436b984e85f486d652285c30" },
    { url = "https://us-python.pkg.dev/artifact-foundry-prod/ah-3p-staging-python/tomli/tomli-2.4.1-cp311-cp311-macosx_11_0_arm64.whl", hash = "sha256:4ab97e64ccda8756376892c53a72bd1f964e519c77236368527f758fbc36a53a" },
    { url = "https://us-python.pkg.dev/artifact-foundry-prod/ah-3p-staging-python/tomli/tomli-2.4.1-cp311-cp311-manylinux2014_aarch64.manylinux_2_17_aarch64.manylinux_2_28_aarch64.whl", hash = "sha256:96481a5786729fd470164b47cdb3e0e58062a496f455ee41b4403be77cb5a076" },
    { url = "https://us-python.pkg.dev/artifact-foundry-prod/ah-3p-staging-python/tomli/tomli-2.4.1-cp311-cp311-manylinux2014_x86_64.manylinux_2_17_x86_64.manylinux_2_28_x86_64.whl", hash = "sha256:5a881ab208c0baf688221f8cecc5401bd291d67e38a1ac884d6736cbcd8247e9" },
    { url = "https://us-python.pkg.dev/artifact-foundry-prod/ah-3p-staging-python/tomli/tomli-2.4.1-cp311-cp311-musllinux_1_2_aarch64.whl", hash = "sha256:47149d5bd38761ac8be13a84864bf0b7b70bc051806bc3669ab1cbc56216b23c" },
    { url = "https://us-python.pkg.dev/artifact-foundry-prod/ah-3p-staging-python/tomli/tomli-2.4.1-cp311-cp311-musllinux_1_2_x86_64.whl", hash = "sha256:ec9bfaf3ad2df51ace80688143a6a4ebc09a248f6ff781a9945e51937008fcbc" },
    { url = "https://us-python.pkg.dev/artifact-foundry-prod/ah-3p-staging-python/tomli/tomli-2.4.1-cp311-cp311-win32.whl", hash = "sha256:ff2983983d34813c1aeb0fa89091e76c3a22889ee83ab27c5eeb45100560c049" },
    { url = "https://us-python.pkg.dev/artifact-foundry-prod/ah-3p-staging-python/tomli/tomli-2.4.1-cp311-cp311-win_amd64.whl", hash = "sha256:5ee18d9ebdb417e384b58fe414e8d6af9f4e7a0ae761519fb50f721de398dd4e" },
    { url = "https://us-python.pkg.dev/artifact-foundry-prod/ah-3p-staging-python/tomli/tomli-2.4.1-cp311-cp311-win_arm64.whl", hash = "sha256:c2541745709bad0264b7d4705ad453b76ccd191e64aa6f0fc66b69a293a45ece" },
    { url = "https://us-python.pkg.dev/artifact-foundry-prod/ah-3p-staging-python/tomli/tomli-2.4.1-cp312-cp312-macosx_10_13_x86_64.whl", hash = "sha256:c742f741d58a28940ce01d58f0ab2ea3ced8b12402f162f4d534dfe18ba1cd6a" },
    { url = "https://us-python.pkg.dev/artifact-foundry-prod/ah-3p-staging-python/tomli/tomli-2.4.1-cp312-cp312-macosx_11_0_arm64.whl", hash = "sha256:7f86fd587c4ed9dd76f318225e7d9b29cfc5a9d43de44e5754db8d1128487085" },
    { url = "https://us-python.pkg.dev/artifact-foundry-prod/ah-3p-staging-python/tomli/tomli-2.4.1-cp312-cp312-manylinux2014_aarch64.manylinux_2_17_aarch64.manylinux_2_28_aarch64.whl", hash = "sha256:ff18e6a727ee0ab0388507b89d1bc6a22b138d1e2fa56d1ad494586d61d2eae9" },
    { url = "https://us-python.pkg.dev/artifact-foundry-prod/ah-3p-staging-python/tomli/tomli-2.4.1-cp312-cp312-manylinux2014_x86_64.manylinux_2_17_x86_64.manylinux_2_28_x86_64.whl", hash = "sha256:136443dbd7e1dee43c68ac2694fde36b2849865fa258d39bf822c10e8068eac5" },
    { url = "https://us-python.pkg.dev/artifact-foundry-prod/ah-3p-staging-python/tomli/tomli-2.4.1-cp312-cp312-musllinux_1_2_aarch64.whl", hash = "sha256:5e262d41726bc187e69af7825504c933b6794dc3fbd5945e41a79bb14c31f585" },
    { url = "https://us-python.pkg.dev/artifact-foundry-prod/ah-3p-staging-python/tomli/tomli-2.4.1-cp312-cp312-musllinux_1_2_x86_64.whl", hash = "sha256:5cb41aa38891e073ee49d55fbc7839cfdb2bc0e600add13874d048c94aadddd1" },
    { url = "https://us-python.pkg.dev/artifact-foundry-prod/ah-3p-staging-python/tomli/tomli-2.4.1-cp312-cp312-win32.whl", hash = "sha256:da25dc3563bff5965356133435b757a795a17b17d01dbc0f42fb32447ddfd917" },
    { url = "https://us-python.pkg.dev/artifact-foundry-prod/ah-3p-staging-python/tomli/tomli-2.4.1-cp312-cp312-win_amd64.whl", hash = "sha256:52c8ef851d9a240f11a88c003eacb03c31fc1c9c4ec64a99a0f922b93874fda9" },
    { url = "https://us-python.pkg.dev/artifact-foundry-prod/ah-3p-staging-python/tomli/tomli-2.4.1-cp312-cp312-win_arm64.whl", hash = "sha256:f758f1b9299d059cc3f6546ae2af89670cb1c4d48ea29c3cacc4fe7de3058257" },
    { url = "https://us-python.pkg.dev/artifact-foundry-prod/ah-3p-staging-python/tomli/tomli-2.4.1-cp313-cp313-macosx_10_13_x86_64.whl", hash = "sha256:36d2bd2ad5fb9eaddba5226aa02c8ec3fa4f192631e347b3ed28186d43be6b54" },
    { url = "https://us-python.pkg.dev/artifact-foundry-prod/ah-3p-staging-python/tomli/tomli-2.4.1-cp313-cp313-macosx_11_0_arm64.whl", hash = "sha256:eb0dc4e38e6a1fd579e5d50369aa2e10acfc9cace504579b2faabb478e76941a" },
    { url = "https://us-python.pkg.dev/artifact-foundry-prod/ah-3p-staging-python/tomli/tomli-2.4.1-cp313-cp313-manylinux2014_aarch64.manylinux_2_17_aarch64.manylinux_2_28_aarch64.whl", hash = "sha256:c7f2c7f2b9ca6bdeef8f0fa897f8e05085923eb091721675170254cbc5b02897" },
    { url = "https://us-python.pkg.dev/artifact-foundry-prod/ah-3p-staging-python/tomli/tomli-2.4.1-cp313-cp313-manylinux2014_x86_64.manylinux_2_17_x86_64.manylinux_2_28_x86_64.whl", hash = "sha256:f3c6818a1a86dd6dca7ddcaaf76947d5ba31aecc28cb1b67009a5877c9a64f3f" },
    { url = "https://us-python.pkg.dev/artifact-foundry-prod/ah-3p-staging-python/tomli/tomli-2.4.1-cp313-cp313-musllinux_1_2_aarch64.whl", hash = "sha256:d312ef37c91508b0ab2cee7da26ec0b3ed2f03ce12bd87a588d771ae15dcf82d" },
    { url = "https://us-python.pkg.dev/artifact-foundry-prod/ah-3p-staging-python/tomli/tomli-2.4.1-cp313-cp313-musllinux_1_2_x86_64.whl", hash = "sha256:51529d40e3ca50046d7606fa99ce3956a617f9b36380da3b7f0dd3dd28e68cb5" },
    { url = "https://us-python.pkg.dev/artifact-foundry-prod/ah-3p-staging-python/tomli/tomli-2.4.1-cp313-cp313-win32.whl", hash = "sha256:2190f2e9dd7508d2a90ded5ed369255980a1bcdd58e52f7fe24b8162bf9fedbd" },
    { url = "https://us-python.pkg.dev/artifact-foundry-prod/ah-3p-staging-python/tomli/tomli-2.4.1-cp313-cp313-win_amd64.whl", hash = "sha256:8d65a2fbf9d2f8352685bc1364177ee3923d6baf5e7f43ea4959d7d8bc326a36" },
    { url = "https://us-python.pkg.dev/artifact-foundry-prod/ah-3p-staging-python/tomli/tomli-2.4.1-cp313-cp313-win_arm64.whl", hash = "sha256:4b605484e43cdc43f0954ddae319fb75f04cc10dd80d830540060ee7cd0243cd" },
    { url = "https://us-python.pkg.dev/artifact-foundry-prod/ah-3p-staging-python/tomli/tomli-2.4.1-cp314-cp314-macosx_10_15_x86_64.whl", hash = "sha256:fd0409a3653af6c147209d267a0e4243f0ae46b011aa978b1080359fddc9b6cf" },
    { url = "https://us-python.pkg.dev/artifact-foundry-prod/ah-3p-staging-python/tomli/tomli-2.4.1-cp314-cp314-macosx_11_0_arm64.whl", hash = "sha256:a120733b01c45e9a0c34aeef92bf0cf1d56cfe81ed9d47d562f9ed591a9828ac" },
    { url = "https://us-python.pkg.dev/artifact-foundry-prod/ah-3p-staging-python/tomli/tomli-2.4.1-cp314-cp314-manylinux2014_aarch64.manylinux_2_17_aarch64.manylinux_2_28_aarch64.whl", hash = "sha256:559db847dc486944896521f68d8190be1c9e719fced785720d2216fe7022b662" },
    { url = "https://us-python.pkg.dev/artifact-foundry-prod/ah-3p-staging-python/tomli/tomli-2.4.1-cp314-cp314-manylinux2014_x86_64.manylinux_2_17_x86_64.manylinux_2_28_x86_64.whl", hash = "sha256:01f520d4f53ef97964a240a035ec2a869fe1a37dde002b57ebc4417a27ccd853" },
    { url = "https://us-python.pkg.dev/artifact-foundry-prod/ah-3p-staging-python/tomli/tomli-2.4.1-cp314-cp314-musllinux_1_2_aarch64.whl", hash = "sha256:7f94b27a62cfad8496c8d2513e1a222dd446f095fca8987fceef261225538a15" },
    { url = "https://us-python.pkg.dev/artifact-foundry-prod/ah-3p-staging-python/tomli/tomli-2.4.1-cp314-cp314-musllinux_1_2_x86_64.whl", hash = "sha256:ede3e6487c5ef5d28634ba3f31f989030ad6af71edfb0055cbbd14189ff240ba" },
    { url = "https://us-python.pkg.dev/artifact-foundry-prod/ah-3p-staging-python/tomli/tomli-2.4.1-cp314-cp314-win32.whl", hash = "sha256:3d48a93ee1c9b79c04bb38772ee1b64dcf18ff43085896ea460ca8dec96f35f6" },
    { url = "https://us-python.pkg.dev/artifact-foundry-prod/ah-3p-staging-python/tomli/tomli-2.4.1-cp314-cp314-win_amd64.whl", hash = "sha256:88dceee75c2c63af144e456745e10101eb67361050196b0b6af5d717254dddf7" },
    { url = "https://us-python.pkg.dev/artifact-foundry-prod/ah-3p-staging-python/tomli/tomli-2.4.1-cp314-cp314-win_arm64.whl", hash = "sha256:b8c198f8c1805dc42708689ed6864951fd2494f924149d3e4bce7710f8eb5232" },
    { url = "https://us-python.pkg.dev/artifact-foundry-prod/ah-3p-staging-python/tomli/tomli-2.4.1-cp314-cp314t-macosx_10_15_x86_64.whl", hash = "sha256:d4d8fe59808a54658fcc0160ecfb1b30f9089906c50b23bcb4c69eddc19ec2b4" },
    { url = "https://us-python.pkg.dev/artifact-foundry-prod/ah-3p-staging-python/tomli/tomli-2.4.1-cp314-cp314t-macosx_11_0_arm64.whl", hash = "sha256:7008df2e7655c495dd12d2a4ad038ff878d4ca4b81fccaf82b714e07eae4402c" },
    { url = "https://us-python.pkg.dev/artifact-foundry-prod/ah-3p-staging-python/tomli/tomli-2.4.1-cp314-cp314t-manylinux2014_aarch64.manylinux_2_17_aarch64.manylinux_2_28_aarch64.whl", hash = "sha256:1d8591993e228b0c930c4bb0db464bdad97b3289fb981255d6c9a41aedc84b2d" },
    { url = "https://us-python.pkg.dev/artifact-foundry-prod/ah-3p-staging-python/tomli/tomli-2.4.1-cp314-cp314t-manylinux2014_x86_64.manylinux_2_17_x86_64.manylinux_2_28_x86_64.whl", hash = "sha256:734e20b57ba95624ecf1841e72b53f6e186355e216e5412de414e3c51e5e3c41" },
    { url = "https://us-python.pkg.dev/artifact-foundry-prod/ah-3p-staging-python/tomli/tomli-2.4.1-cp314-cp314t-musllinux_1_2_aarch64.whl", hash = "sha256:8a650c2dbafa08d42e51ba0b62740dae4ecb9338eefa093aa5c78ceb546fcd5c" },
    { url = "https://us-python.pkg.dev/artifact-foundry-prod/ah-3p-staging-python/tomli/tomli-2.4.1-cp314-cp314t-musllinux_1_2_x86_64.whl", hash = "sha256:504aa796fe0569bb43171066009ead363de03675276d2d121ac1a4572397870f" },
    { url = "https://us-python.pkg.dev/artifact-foundry-prod/ah-3p-staging-python/tomli/tomli-2.4.1-cp314-cp314t-win32.whl", hash = "sha256:b1d22e6e9387bf4739fbe23bfa80e93f6b0373a7f1b96c6227c32bef95a4d7a8" },
    { url = "https://us-python.pkg.dev/artifact-foundry-prod/ah-3p-staging-python/tomli/tomli-2.4.1-cp314-cp314t-win_amd64.whl", hash = "sha256:2c1c351919aca02858f740c6d33adea0c5deea37f9ecca1cc1ef9e884a619d26" },
    { url = "https://us-python.pkg.dev/artifact-foundry-prod/ah-3p-staging-python/tomli/tomli-2.4.1-cp314-cp314t-win_arm64.whl", hash = "sha256:eab21f45c7f66c13f2a9e0e1535309cee140182a9cdae1e041d02e47291e8396" },
    { url = "https://us-python.pkg.dev/artifact-foundry-prod/ah-3p-staging-python/tomli/tomli-2.4.1-py3-none-any.whl", hash = "sha256:0d85819802132122da43cb86656f8d1f8c6587d54ae7dcaf30e90533028b49fe" },
]

[[package]]
name = "ty"
version = "0.0.54"
source = { registry = "https://us-python.pkg.dev/artifact-foundry-prod/ah-3p-staging-python/simple/" }
sdist = { url = "https://us-python.pkg.dev/artifact-foundry-prod/ah-3p-staging-python/ty/ty-0.0.54.tar.gz", hash = "sha256:b6b3cfe174f27744413c898b2488ca52ea76070637095de131698e506b455055" }
wheels = [
    { url = "https://us-python.pkg.dev/artifact-foundry-prod/ah-3p-staging-python/ty/ty-0.0.54-py3-none-linux_armv6l.whl", hash = "sha256:0365ea133d6b028952c22e6412a00da9739bc3b538df3c0a61972bf64d8558f1" },
    { url = "https://us-python.pkg.dev/artifact-foundry-prod/ah-3p-staging-python/ty/ty-0.0.54-py3-none-macosx_10_12_x86_64.whl", hash = "sha256:0de0cf48918609a3996cc2a4e18e8028fc4d2446bb82df822e9737f53bb9afee" },
    { url = "https://us-python.pkg.dev/artifact-foundry-prod/ah-3p-staging-python/ty/ty-0.0.54-py3-none-macosx_11_0_arm64.whl", hash = "sha256:57c7c6c1fcd2aa29cd40117142c0d45a2b0e6c42817ef58ea8dcb5f59d6ea802" },
    { url = "https://us-python.pkg.dev/artifact-foundry-prod/ah-3p-staging-python/ty/ty-0.0.54-py3-none-manylinux_2_17_aarch64.manylinux2014_aarch64.whl", hash = "sha256:dc179be5a070c5dc7785a5e108eece2ab216978a91f91e11661308749a6c28ee" },
    { url = "https://us-python.pkg.dev/artifact-foundry-prod/ah-3p-staging-python/ty/ty-0.0.54-py3-none-manylinux_2_17_armv7l.manylinux2014_armv7l.whl", hash = "sha256:5a0a764e2261f9292adf14bbc91b9d7ef7ee7c00b8f3d9f2563f19ae3605109b" },
    { url = "https://us-python.pkg.dev/artifact-foundry-prod/ah-3p-staging-python/ty/ty-0.0.54-py3-none-manylinux_2_17_i686.manylinux2014_i686.whl", hash = "sha256:2259e1a1f744a5f20f079dcc4061c1464001c75f255aaca7316e422f8f5e5e09" },
    { url = "https://us-python.pkg.dev/artifact-foundry-prod/ah-3p-staging-python/ty/ty-0.0.54-py3-none-manylinux_2_17_ppc64le.manylinux2014_ppc64le.whl", hash = "sha256:8674617617399d4fdd568b3e3a8f87a913df525c80691d732b0744b571b341c8" },
    { url = "https://us-python.pkg.dev/artifact-foundry-prod/ah-3p-staging-python/ty/ty-0.0.54-py3-none-manylinux_2_17_s390x.manylinux2014_s390x.whl", hash = "sha256:e949f7bbfa80a9fa00968924028aa673a505faa234b0b9d1241b7d34373eae14" },
    { url = "https://us-python.pkg.dev/artifact-foundry-prod/ah-3p-staging-python/ty/ty-0.0.54-py3-none-manylinux_2_17_x86_64.manylinux2014_x86_64.whl", hash = "sha256:6a0ce5af9eefe636888377d8ab8ea817239ed96de64fede62c4e5331ae16db5c" },
    { url = "https://us-python.pkg.dev/artifact-foundry-prod/ah-3p-staging-python/ty/ty-0.0.54-py3-none-manylinux_2_31_riscv64.whl", hash = "sha256:ad329d1942e23ee428948e673b2a50249f27e164220075b0a2ef8169029c8423" },
    { url = "https://us-python.pkg.dev/artifact-foundry-prod/ah-3p-staging-python/ty/ty-0.0.54-py3-none-musllinux_1_2_aarch64.whl", hash = "sha256:6e43124e6ac4cb9702d99facb28c6b2f2574c8a4b8f59eae2632eef4962e3439" },
    { url = "https://us-python.pkg.dev/artifact-foundry-prod/ah-3p-staging-python/ty/ty-0.0.54-py3-none-musllinux_1_2_armv7l.whl", hash = "sha256:994ede70fc1b6f0efc29d0f1fc0d819630bed1d2610eac2e9dabb2840f3f3bf9" },
    { url = "https://us-python.pkg.dev/artifact-foundry-prod/ah-3p-staging-python/ty/ty-0.0.54-py3-none-musllinux_1_2_i686.whl", hash = "sha256:b1d048df26abb433acc5b3bcef214167c7dc9e3341f8f200a3c59702516a0ed0" },
    { url = "https://us-python.pkg.dev/artifact-foundry-prod/ah-3p-staging-python/ty/ty-0.0.54-py3-none-musllinux_1_2_x86_64.whl", hash = "sha256:651e90094d41c4add3d616e0f2c1c881c6700a2ae3ac191c023c665050ff2cdc" },
    { url = "https://us-python.pkg.dev/artifact-foundry-prod/ah-3p-staging-python/ty/ty-0.0.54-py3-none-win32.whl", hash = "sha256:7e876c9b5130afc6b6e46035a2eecca9b563b78249030296e1089922428d5415" },
    { url = "https://us-python.pkg.dev/artifact-foundry-prod/ah-3p-staging-python/ty/ty-0.0.54-py3-none-win_amd64.whl", hash = "sha256:f478476f3222807b4d92f15c5298a8c242f2ed17c724da75f4a8c6b522b4f29a" },
    { url = "https://us-python.pkg.dev/artifact-foundry-prod/ah-3p-staging-python/ty/ty-0.0.54-py3-none-win_arm64.whl", hash = "sha256:01ab9eb8c0802d35ae73fa08e4e037963250ee5ee6aa7ed8c8b994e5495db5ef" },
]

[[package]]
name = "typing-extensions"
version = "4.15.0"
source = { registry = "https://us-python.pkg.dev/artifact-foundry-prod/ah-3p-staging-python/simple/" }
sdist = { url = "https://us-python.pkg.dev/artifact-foundry-prod/ah-3p-staging-python/typing-extensions/typing_extensions-4.15.0.tar.gz", hash = "sha256:0cea48d173cc12fa28ecabc3b837ea3cf6f38c6d1136f85cbaaf598984861466" }
wheels = [
    { url = "https://us-python.pkg.dev/artifact-foundry-prod/ah-3p-staging-python/typing-extensions/typing_extensions-4.15.0-py3-none-any.whl", hash = "sha256:f0fa19c6845758ab08074a0cfa8b7aecb71c999ca73d62883bc25cc018c4e548" },
]

[[package]]
name = "uc-micro-py"
version = "2.0.0"
source = { registry = "https://us-python.pkg.dev/artifact-foundry-prod/ah-3p-staging-python/simple/" }
sdist = { url = "https://us-python.pkg.dev/artifact-foundry-prod/ah-3p-staging-python/uc-micro-py/uc_micro_py-2.0.0.tar.gz", hash = "sha256:c53691e495c8db60e16ffc4861a35469b0ba0821fe409a8a7a0a71864d33a811" }
wheels = [
    { url = "https://us-python.pkg.dev/artifact-foundry-prod/ah-3p-staging-python/uc-micro-py/uc_micro_py-2.0.0-py3-none-any.whl", hash = "sha256:3603a3859af53e5a39bc7677713c78ea6589ff188d70f4fee165db88e22b242c" },
]
